{
  "name": "examples",
  "version": "0.1.0",
  "lockfileVersion": 1,
  "requires": true,
  "dependencies": {
    "@types/node": {
      "version": "12.19.4"
    },
    "@types/prismjs": {
      "version": "1.16.2",
      "resolved": "https://registry.npmjs.org/@types/prismjs/-/prismjs-1.16.2.tgz",
      "integrity": "sha512-1M/j21xgTde7RPtpJVQebW5rzrquj7S+wnqt4x9uWrIPpr0Ya/uXypcqC2aUQL5gtLXFCKSH7GnjfAijMdfbuA==",
      "dev": true
    }
  }
}
